{
  "nodes": {
    "home-manager": {
      "inputs": {
        "nixpkgs": [
          "nixpkgs"
        ],
        "utils": "utils"
      },
      "locked": {
        "lastModified": 1678464939,
        "narHash": "sha256-pRMlwOUkO1OwSi7qF6XR/zcocWy/ZYxXgbYWvnZQO9k=",
        "owner": "nix-community",
        "repo": "home-manager",
        "rev": "7224d7c54c5fc74cdf60b208af6148ed3295aa32",
        "type": "github"
      },
      "original": {
        "owner": "nix-community",
        "repo": "home-manager",
        "type": "github"
      }
    },
    "hyprland": {
      "inputs": {
        "hyprland-protocols": "hyprland-protocols",
        "nixpkgs": [
          "nixpkgs"
        ],
        "wlroots": "wlroots",
        "xdph": "xdph"
      },
      "locked": {
        "lastModified": 1678557514,
        "narHash": "sha256-yNrik47cr8qPgl6zTMNJSfoC2zKZJaNUQAMWFYTajcE=",
        "owner": "hyprwm",
        "repo": "Hyprland",
        "rev": "71ef1bde7e45f94ceaab925ae065f32f91510890",
        "type": "github"
      },
      "original": {
        "owner": "hyprwm",
        "repo": "Hyprland",
        "type": "github"
      }
    },
    "hyprland-protocols": {
      "flake": false,
      "locked": {
        "lastModified": 1670703428,
        "narHash": "sha256-4KUW5SKR0Y9uaYGcYwy53YJ3B/sgiprCL4fRGO+mpOA=",
        "owner": "hyprwm",
        "repo": "hyprland-protocols",
        "rev": "d0d6db8cb5bef6d93ca3ad8fb2124964173396da",
        "type": "github"
      },
      "original": {
        "owner": "hyprwm",
        "repo": "hyprland-protocols",
        "type": "github"
      }
    },
    "nixos-unstable": {
      "locked": {
        "lastModified": 1678470307,
        "narHash": "sha256-OEeMUr3ueLIXyW/OaFUX5jUdimyQwMg/7e+/Q0gC/QE=",
        "owner": "NixOS",
        "repo": "nixpkgs",
        "rev": "0c4800d579af4ed98ecc47d464a5e7b0870c4b1f",
        "type": "github"
      },
      "original": {
        "owner": "NixOS",
        "ref": "nixos-unstable",
        "repo": "nixpkgs",
        "type": "github"
      }
    },
    "nixpkgs": {
      "locked": {
        "lastModified": 1678426640,
        "narHash": "sha256-3Q4KN0XAXQT7YE3A8n3LzLtRNUCo0U++W3gl+5NhKHs=",
        "owner": "nixos",
        "repo": "nixpkgs",
        "rev": "824f886682fc893e6dbf27114e5001ebf2770ea1",
        "type": "github"
      },
      "original": {
        "owner": "nixos",
        "ref": "nixos-22.11",
        "repo": "nixpkgs",
        "type": "github"
      }
    },
    "root": {
      "inputs": {
        "home-manager": "home-manager",
        "hyprland": "hyprland",
        "nixos-unstable": "nixos-unstable",
        "nixpkgs": "nixpkgs"
      }
    },
    "utils": {
      "locked": {
        "lastModified": 1676283394,
        "narHash": "sha256-XX2f9c3iySLCw54rJ/CZs+ZK6IQy7GXNY4nSOyu2QG4=",
        "owner": "numtide",
        "repo": "flake-utils",
        "rev": "3db36a8b464d0c4532ba1c7dda728f4576d6d073",
        "type": "github"
      },
      "original": {
        "owner": "numtide",
        "repo": "flake-utils",
        "type": "github"
      }
    },
    "wlroots": {
      "flake": false,
      "locked": {
        "host": "gitlab.freedesktop.org",
        "lastModified": 1671183014,
        "narHash": "sha256-oMWT5Zbe/3HFINAk38jNVxiZ4PCYvPJj2Jo4iiyBtm0=",
        "owner": "wlroots",
        "repo": "wlroots",
        "rev": "dc7cc98cf21a8dc19ab8895505500e3700646af0",
        "type": "gitlab"
      },
      "original": {
        "host": "gitlab.freedesktop.org",
        "owner": "wlroots",
        "repo": "wlroots",
        "type": "gitlab"
      }
    },
    "xdph": {
      "inputs": {
        "hyprland-protocols": [
          "hyprland",
          "hyprland-protocols"
        ],
        "nixpkgs": [
          "hyprland",
          "nixpkgs"
        ]
      },
      "locked": {
        "lastModified": 1671837878,
        "narHash": "sha256-OmFDyktTc/l+3wHboHeFpAQgPt3r7jjqZf8MrwuUGMo=",
        "owner": "hyprwm",
        "repo": "xdg-desktop-portal-hyprland",
        "rev": "e47f4cec698080768821b271510985ab94a37e91",
        "type": "github"
      },
      "original": {
        "owner": "hyprwm",
        "repo": "xdg-desktop-portal-hyprland",
        "type": "github"
      }
    }
  },
  "root": "root",
  "version": 7
}
